
Microsoft Visual Studio Solution File, Format Version 12.00
# Visual Studio Version 17
VisualStudioVersion = 17.1.32228.430
MinimumVisualStudioVersion = 10.0.40219.1
Project("{9A19103F-16F7-4668-BE54-9A1E7A4F7556}") = "DefineanInterfaceIPerson", "DefineanInterfaceIPerson\DefineanInterfaceIPerson.csproj", "{9F46DC94-70B7-40C3-97E9-2672A26A5FE5}"
EndProject
Project("{9A19103F-16F7-4668-BE54-9A1E7A4F7556}") = "MultipleImplementation", "MultipleImplementation\MultipleImplementation.csproj", "{E3D24332-E7D6-4B4A-BC04-89B0A6E2EC5D}"
EndProject
Project("{9A19103F-16F7-4668-BE54-9A1E7A4F7556}") = "Telephony", "Telephony\Telephony.csproj", "{08022361-81B4-429A-89EC-7F3009638D26}"
EndProject
Project("{9A19103F-16F7-4668-BE54-9A1E7A4F7556}") = "BorderControl", "BorderControl\BorderControl.csproj", "{00277F22-1183-4AF5-9DCA-5E2D2E597FE6}"
EndProject
Project("{9A19103F-16F7-4668-BE54-9A1E7A4F7556}") = "BirthdayCelebrations", "BirthdayCelebrations\BirthdayCelebrations.csproj", "{A06B9509-EFDE-444F-BA5F-10702DC1FD67}"
EndProject
Project("{9A19103F-16F7-4668-BE54-9A1E7A4F7556}") = "FoodShortage", "FoodShortage\FoodShortage.csproj", "{B84588F7-7BF7-417B-9B2C-7F381078EA56}"
EndProject
Project("{FAE04EC0-301F-11D3-BF4B-00C04F79EFBC}") = "MilitaryElite", "MilitaryElite\MilitaryElite.csproj", "{5E3F3E9B-A391-4D42-AAAD-E6333A256F9D}"
EndProject
Global
	GlobalSection(SolutionConfigurationPlatforms) = preSolution
		Debug|Any CPU = Debug|Any CPU
		Release|Any CPU = Release|Any CPU
	EndGlobalSection
	GlobalSection(ProjectConfigurationPlatforms) = postSolution
		{9F46DC94-70B7-40C3-97E9-2672A26A5FE5}.Debug|Any CPU.ActiveCfg = Debug|Any CPU
		{9F46DC94-70B7-40C3-97E9-2672A26A5FE5}.Debug|Any CPU.Build.0 = Debug|Any CPU
		{9F46DC94-70B7-40C3-97E9-2672A26A5FE5}.Release|Any CPU.ActiveCfg = Release|Any CPU
		{9F46DC94-70B7-40C3-97E9-2672A26A5FE5}.Release|Any CPU.Build.0 = Release|Any CPU
		{E3D24332-E7D6-4B4A-BC04-89B0A6E2EC5D}.Debug|Any CPU.ActiveCfg = Debug|Any CPU
		{E3D24332-E7D6-4B4A-BC04-89B0A6E2EC5D}.Debug|Any CPU.Build.0 = Debug|Any CPU
		{E3D24332-E7D6-4B4A-BC04-89B0A6E2EC5D}.Release|Any CPU.ActiveCfg = Release|Any CPU
		{E3D24332-E7D6-4B4A-BC04-89B0A6E2EC5D}.Release|Any CPU.Build.0 = Release|Any CPU
		{08022361-81B4-429A-89EC-7F3009638D26}.Debug|Any CPU.ActiveCfg = Debug|Any CPU
		{08022361-81B4-429A-89EC-7F3009638D26}.Debug|Any CPU.Build.0 = Debug|Any CPU
		{08022361-81B4-429A-89EC-7F3009638D26}.Release|Any CPU.ActiveCfg = Release|Any CPU
		{08022361-81B4-429A-89EC-7F3009638D26}.Release|Any CPU.Build.0 = Release|Any CPU
		{00277F22-1183-4AF5-9DCA-5E2D2E597FE6}.Debug|Any CPU.ActiveCfg = Debug|Any CPU
		{00277F22-1183-4AF5-9DCA-5E2D2E597FE6}.Debug|Any CPU.Build.0 = Debug|Any CPU
		{00277F22-1183-4AF5-9DCA-5E2D2E597FE6}.Release|Any CPU.ActiveCfg = Release|Any CPU
		{00277F22-1183-4AF5-9DCA-5E2D2E597FE6}.Release|Any CPU.Build.0 = Release|Any CPU
		{A06B9509-EFDE-444F-BA5F-10702DC1FD67}.Debug|Any CPU.ActiveCfg = Debug|Any CPU
		{A06B9509-EFDE-444F-BA5F-10702DC1FD67}.Debug|Any CPU.Build.0 = Debug|Any CPU
		{A06B9509-EFDE-444F-BA5F-10702DC1FD67}.Release|Any CPU.ActiveCfg = Release|Any CPU
		{A06B9509-EFDE-444F-BA5F-10702DC1FD67}.Release|Any CPU.Build.0 = Release|Any CPU
		{B84588F7-7BF7-417B-9B2C-7F381078EA56}.Debug|Any CPU.ActiveCfg = Debug|Any CPU
		{B84588F7-7BF7-417B-9B2C-7F381078EA56}.Debug|Any CPU.Build.0 = Debug|Any CPU
		{B84588F7-7BF7-417B-9B2C-7F381078EA56}.Release|Any CPU.ActiveCfg = Release|Any CPU
		{B84588F7-7BF7-417B-9B2C-7F381078EA56}.Release|Any CPU.Build.0 = Release|Any CPU
		{5E3F3E9B-A391-4D42-AAAD-E6333A256F9D}.Debug|Any CPU.ActiveCfg = Debug|Any CPU
		{5E3F3E9B-A391-4D42-AAAD-E6333A256F9D}.Debug|Any CPU.Build.0 = Debug|Any CPU
		{5E3F3E9B-A391-4D42-AAAD-E6333A256F9D}.Release|Any CPU.ActiveCfg = Release|Any CPU
		{5E3F3E9B-A391-4D42-AAAD-E6333A256F9D}.Release|Any CPU.Build.0 = Release|Any CPU
	EndGlobalSection
	GlobalSection(SolutionProperties) = preSolution
		HideSolutionNode = FALSE
	EndGlobalSection
	GlobalSection(ExtensibilityGlobals) = postSolution
		SolutionGuid = {FAC3ECC6-A3F4-4343-8390-26AC49950FE6}
	EndGlobalSection
EndGlobal
