
Microsoft Visual Studio Solution File, Format Version 12.00
# Visual Studio Version 17
VisualStudioVersion = 17.1.32228.430
MinimumVisualStudioVersion = 10.0.40219.1
Project("{9A19103F-16F7-4668-BE54-9A1E7A4F7556}") = "Square Root", "Square Root\Square Root.csproj", "{592708AD-186E-49C5-BA8A-74C7C87980F6}"
EndProject
Project("{9A19103F-16F7-4668-BE54-9A1E7A4F7556}") = "Enter Numbers", "Enter Numbers\Enter Numbers.csproj", "{BF6A1968-648A-423F-8BFE-78D17A2503BD}"
EndProject
Project("{9A19103F-16F7-4668-BE54-9A1E7A4F7556}") = "Cards", "Cards\Cards.csproj", "{E1152F68-E73B-43C4-BE7C-9FB0DC5D118A}"
EndProject
Project("{9A19103F-16F7-4668-BE54-9A1E7A4F7556}") = "Sum of Integers", "Sum of Integers\Sum of Integers.csproj", "{51DA81C6-3CD5-4026-9A67-908B5B4A5983}"
EndProject
Project("{FAE04EC0-301F-11D3-BF4B-00C04F79EFBC}") = "Play Catch", "Play Catch\Play Catch.csproj", "{454A8C87-F9D1-4EEC-BEC7-B4A6E700A387}"
EndProject
Global
	GlobalSection(SolutionConfigurationPlatforms) = preSolution
		Debug|Any CPU = Debug|Any CPU
		Release|Any CPU = Release|Any CPU
	EndGlobalSection
	GlobalSection(ProjectConfigurationPlatforms) = postSolution
		{592708AD-186E-49C5-BA8A-74C7C87980F6}.Debug|Any CPU.ActiveCfg = Debug|Any CPU
		{592708AD-186E-49C5-BA8A-74C7C87980F6}.Debug|Any CPU.Build.0 = Debug|Any CPU
		{592708AD-186E-49C5-BA8A-74C7C87980F6}.Release|Any CPU.ActiveCfg = Release|Any CPU
		{592708AD-186E-49C5-BA8A-74C7C87980F6}.Release|Any CPU.Build.0 = Release|Any CPU
		{BF6A1968-648A-423F-8BFE-78D17A2503BD}.Debug|Any CPU.ActiveCfg = Debug|Any CPU
		{BF6A1968-648A-423F-8BFE-78D17A2503BD}.Debug|Any CPU.Build.0 = Debug|Any CPU
		{BF6A1968-648A-423F-8BFE-78D17A2503BD}.Release|Any CPU.ActiveCfg = Release|Any CPU
		{BF6A1968-648A-423F-8BFE-78D17A2503BD}.Release|Any CPU.Build.0 = Release|Any CPU
		{E1152F68-E73B-43C4-BE7C-9FB0DC5D118A}.Debug|Any CPU.ActiveCfg = Debug|Any CPU
		{E1152F68-E73B-43C4-BE7C-9FB0DC5D118A}.Debug|Any CPU.Build.0 = Debug|Any CPU
		{E1152F68-E73B-43C4-BE7C-9FB0DC5D118A}.Release|Any CPU.ActiveCfg = Release|Any CPU
		{E1152F68-E73B-43C4-BE7C-9FB0DC5D118A}.Release|Any CPU.Build.0 = Release|Any CPU
		{51DA81C6-3CD5-4026-9A67-908B5B4A5983}.Debug|Any CPU.ActiveCfg = Debug|Any CPU
		{51DA81C6-3CD5-4026-9A67-908B5B4A5983}.Debug|Any CPU.Build.0 = Debug|Any CPU
		{51DA81C6-3CD5-4026-9A67-908B5B4A5983}.Release|Any CPU.ActiveCfg = Release|Any CPU
		{51DA81C6-3CD5-4026-9A67-908B5B4A5983}.Release|Any CPU.Build.0 = Release|Any CPU
		{454A8C87-F9D1-4EEC-BEC7-B4A6E700A387}.Debug|Any CPU.ActiveCfg = Debug|Any CPU
		{454A8C87-F9D1-4EEC-BEC7-B4A6E700A387}.Debug|Any CPU.Build.0 = Debug|Any CPU
		{454A8C87-F9D1-4EEC-BEC7-B4A6E700A387}.Release|Any CPU.ActiveCfg = Release|Any CPU
		{454A8C87-F9D1-4EEC-BEC7-B4A6E700A387}.Release|Any CPU.Build.0 = Release|Any CPU
	EndGlobalSection
	GlobalSection(SolutionProperties) = preSolution
		HideSolutionNode = FALSE
	EndGlobalSection
	GlobalSection(ExtensibilityGlobals) = postSolution
		SolutionGuid = {4E37DAE0-ADC2-46B7-B36A-F28E45CE8B6D}
	EndGlobalSection
EndGlobal
